
Microsoft Visual Studio Solution File, Format Version 12.00
# Visual Studio 14
VisualStudioVersion = 14.0.25420.1
MinimumVisualStudioVersion = 10.0.40219.1
Project("{2150E333-8FDC-42A3-9474-1A3956D46DE8}") = "src", "src", "{473E7822-72A4-4268-BEE5-17807D09B880}"
EndProject
Project("{2150E333-8FDC-42A3-9474-1A3956D46DE8}") = "Solution Items", "Solution Items", "{6F334A68-D2EC-4359-925D-C19E3780EB80}"
	ProjectSection(SolutionItems) = preProject
		global.json = global.json
		NuGet.Config = NuGet.Config
		README.md = README.md
	EndProjectSection
EndProject
Project("{8BB2217D-0F2D-49D1-97BC-3654ED321F3B}") = "DataAccessSqliteProvider", "src\DataAccessSqliteProvider\DataAccessSqliteProvider.xproj", "{E737764A-BF5C-4B57-A26A-885550B7F364}"
EndProject
Project("{8BB2217D-0F2D-49D1-97BC-3654ED321F3B}") = "AspNet5MultipleProject", "src\AspNet5MultipleProject\AspNet5MultipleProject.xproj", "{AD3372BE-2A8A-467E-ABB7-65739E5265A3}"
EndProject
Project("{8BB2217D-0F2D-49D1-97BC-3654ED321F3B}") = "DomainModel", "src\DomainModel\DomainModel.xproj", "{C621779A-DC48-4322-AAC9-A813A7002A42}"
EndProject
Project("{8BB2217D-0F2D-49D1-97BC-3654ED321F3B}") = "DataAccessMsSqlServerProvider", "src\DataAccessMsSqlServerProvider\DataAccessMsSqlServerProvider.xproj", "{37337A23-6C0A-405D-8239-D72D192BD6D2}"
EndProject
Project("{8BB2217D-0F2D-49D1-97BC-3654ED321F3B}") = "DataAccessPostgreSqlProvider", "src\DataAccessPostgreSqlProvider\DataAccessPostgreSqlProvider.xproj", "{A336B1FE-BD9E-4938-9E46-A5D778245488}"
EndProject
Project("{8BB2217D-0F2D-49D1-97BC-3654ED321F3B}") = "DataAccessMySqlProvider", "src\DataAccessMySqlProvider\DataAccessMySqlProvider.xproj", "{72341334-B38F-42F4-845B-2BD006BD09CB}"
EndProject
Global
	GlobalSection(SolutionConfigurationPlatforms) = preSolution
		Debug|Any CPU = Debug|Any CPU
		Release|Any CPU = Release|Any CPU
	EndGlobalSection
	GlobalSection(ProjectConfigurationPlatforms) = postSolution
		{E737764A-BF5C-4B57-A26A-885550B7F364}.Debug|Any CPU.ActiveCfg = Debug|Any CPU
		{E737764A-BF5C-4B57-A26A-885550B7F364}.Debug|Any CPU.Build.0 = Debug|Any CPU
		{E737764A-BF5C-4B57-A26A-885550B7F364}.Release|Any CPU.ActiveCfg = Release|Any CPU
		{E737764A-BF5C-4B57-A26A-885550B7F364}.Release|Any CPU.Build.0 = Release|Any CPU
		{AD3372BE-2A8A-467E-ABB7-65739E5265A3}.Debug|Any CPU.ActiveCfg = Debug|Any CPU
		{AD3372BE-2A8A-467E-ABB7-65739E5265A3}.Debug|Any CPU.Build.0 = Debug|Any CPU
		{AD3372BE-2A8A-467E-ABB7-65739E5265A3}.Release|Any CPU.ActiveCfg = Release|Any CPU
		{AD3372BE-2A8A-467E-ABB7-65739E5265A3}.Release|Any CPU.Build.0 = Release|Any CPU
		{C621779A-DC48-4322-AAC9-A813A7002A42}.Debug|Any CPU.ActiveCfg = Debug|Any CPU
		{C621779A-DC48-4322-AAC9-A813A7002A42}.Debug|Any CPU.Build.0 = Debug|Any CPU
		{C621779A-DC48-4322-AAC9-A813A7002A42}.Release|Any CPU.ActiveCfg = Release|Any CPU
		{C621779A-DC48-4322-AAC9-A813A7002A42}.Release|Any CPU.Build.0 = Release|Any CPU
		{37337A23-6C0A-405D-8239-D72D192BD6D2}.Debug|Any CPU.ActiveCfg = Debug|Any CPU
		{37337A23-6C0A-405D-8239-D72D192BD6D2}.Debug|Any CPU.Build.0 = Debug|Any CPU
		{37337A23-6C0A-405D-8239-D72D192BD6D2}.Release|Any CPU.ActiveCfg = Release|Any CPU
		{37337A23-6C0A-405D-8239-D72D192BD6D2}.Release|Any CPU.Build.0 = Release|Any CPU
		{A336B1FE-BD9E-4938-9E46-A5D778245488}.Debug|Any CPU.ActiveCfg = Debug|Any CPU
		{A336B1FE-BD9E-4938-9E46-A5D778245488}.Debug|Any CPU.Build.0 = Debug|Any CPU
		{A336B1FE-BD9E-4938-9E46-A5D778245488}.Release|Any CPU.ActiveCfg = Release|Any CPU
		{A336B1FE-BD9E-4938-9E46-A5D778245488}.Release|Any CPU.Build.0 = Release|Any CPU
		{72341334-B38F-42F4-845B-2BD006BD09CB}.Debug|Any CPU.ActiveCfg = Debug|Any CPU
		{72341334-B38F-42F4-845B-2BD006BD09CB}.Debug|Any CPU.Build.0 = Debug|Any CPU
		{72341334-B38F-42F4-845B-2BD006BD09CB}.Release|Any CPU.ActiveCfg = Release|Any CPU
		{72341334-B38F-42F4-845B-2BD006BD09CB}.Release|Any CPU.Build.0 = Release|Any CPU
	EndGlobalSection
	GlobalSection(SolutionProperties) = preSolution
		HideSolutionNode = FALSE
	EndGlobalSection
	GlobalSection(NestedProjects) = preSolution
		{E737764A-BF5C-4B57-A26A-885550B7F364} = {473E7822-72A4-4268-BEE5-17807D09B880}
		{AD3372BE-2A8A-467E-ABB7-65739E5265A3} = {473E7822-72A4-4268-BEE5-17807D09B880}
		{C621779A-DC48-4322-AAC9-A813A7002A42} = {473E7822-72A4-4268-BEE5-17807D09B880}
		{37337A23-6C0A-405D-8239-D72D192BD6D2} = {473E7822-72A4-4268-BEE5-17807D09B880}
		{A336B1FE-BD9E-4938-9E46-A5D778245488} = {473E7822-72A4-4268-BEE5-17807D09B880}
		{72341334-B38F-42F4-845B-2BD006BD09CB} = {473E7822-72A4-4268-BEE5-17807D09B880}
	EndGlobalSection
EndGlobal
